
Microsoft Visual Studio Solution File, Format Version 12.00
# Visual Studio 15
VisualStudioVersion = 15.0.26127.0
MinimumVisualStudioVersion = 10.0.40219.1
Project("{FAE04EC0-301F-11D3-BF4B-00C04F79EFBC}") = "Plugin.DownloadManager", "DownloadManager\Plugin.DownloadManager\Plugin.DownloadManager.csproj", "{A6FCEF44-D2BA-42C7-B3CB-13667BCD7B54}"
EndProject
Project("{FAE04EC0-301F-11D3-BF4B-00C04F79EFBC}") = "Plugin.DownloadManager.Abstractions", "DownloadManager\Plugin.DownloadManager.Abstractions\Plugin.DownloadManager.Abstractions.csproj", "{6EDB0588-FFC5-4EF5-8A99-9E241D0F878D}"
EndProject
Project("{FAE04EC0-301F-11D3-BF4B-00C04F79EFBC}") = "Plugin.DownloadManager.iOS", "DownloadManager\Plugin.DownloadManager.iOS\Plugin.DownloadManager.iOS.csproj", "{2882AEEB-D4CD-4EB9-8A6C-6653B33681F0}"
EndProject
Project("{FAE04EC0-301F-11D3-BF4B-00C04F79EFBC}") = "Plugin.DownloadManager.Android", "DownloadManager\Plugin.DownloadManager.Android\Plugin.DownloadManager.Android.csproj", "{56A56F17-7DE1-4CA1-9617-BF32E971AC84}"
EndProject
Project("{FAE04EC0-301F-11D3-BF4B-00C04F79EFBC}") = "Plugin.DownloadManager.UWP", "DownloadManager\Plugin.DownloadManager.UWP\Plugin.DownloadManager.UWP.csproj", "{E34B516D-C0D8-450F-9DB0-BB6A5B04AEF1}"
EndProject
Project("{FAE04EC0-301F-11D3-BF4B-00C04F79EFBC}") = "Plugin.DownloadManager.Mac", "DownloadManager\Plugin.DownloadManager.Mac\Plugin.DownloadManager.Mac.csproj", "{F84732E9-2993-4637-99E0-641D12DBCDBC}"
EndProject
Project("{2150E333-8FDC-42A3-9474-1A3956D46DE8}") = "Sample", "Sample", "{11FE7FBB-8560-4D89-90F5-F218CF18A879}"
EndProject
Project("{FAE04EC0-301F-11D3-BF4B-00C04F79EFBC}") = "DownloadExample.Droid", "Sample\Droid\DownloadExample.Droid.csproj", "{7F416A1F-D4DD-436E-A903-DF2FC75E623E}"
EndProject
Project("{FAE04EC0-301F-11D3-BF4B-00C04F79EFBC}") = "DownloadExample.iOS", "Sample\iOS\DownloadExample.iOS.csproj", "{3BFA0D23-9172-46AF-BF9A-84F1E35BB969}"
EndProject
Project("{FAE04EC0-301F-11D3-BF4B-00C04F79EFBC}") = "DownloadExample.UWP", "Sample\UWP\UWP.csproj", "{D32EDF26-94F4-4F80-B26C-CA250A3F6D7D}"
EndProject
Project("{FAE04EC0-301F-11D3-BF4B-00C04F79EFBC}") = "DownloadExample", "Sample\DownloadExample\DownloadExample.csproj", "{FEE6A3A2-9CDD-473C-8587-6C13241BD03A}"
EndProject
Global
	GlobalSection(SolutionConfigurationPlatforms) = preSolution
		AppStore|Any CPU = AppStore|Any CPU
		AppStore|ARM = AppStore|ARM
		AppStore|iPhone = AppStore|iPhone
		AppStore|iPhoneSimulator = AppStore|iPhoneSimulator
		AppStore|x64 = AppStore|x64
		AppStore|x86 = AppStore|x86
		Debug|Any CPU = Debug|Any CPU
		Debug|ARM = Debug|ARM
		Debug|iPhone = Debug|iPhone
		Debug|iPhoneSimulator = Debug|iPhoneSimulator
		Debug|x64 = Debug|x64
		Debug|x86 = Debug|x86
		Release|Any CPU = Release|Any CPU
		Release|ARM = Release|ARM
		Release|iPhone = Release|iPhone
		Release|iPhoneSimulator = Release|iPhoneSimulator
		Release|x64 = Release|x64
		Release|x86 = Release|x86
	EndGlobalSection
	GlobalSection(ProjectConfigurationPlatforms) = postSolution
		{A6FCEF44-D2BA-42C7-B3CB-13667BCD7B54}.AppStore|Any CPU.ActiveCfg = Release|Any CPU
		{A6FCEF44-D2BA-42C7-B3CB-13667BCD7B54}.AppStore|Any CPU.Build.0 = Release|Any CPU
		{A6FCEF44-D2BA-42C7-B3CB-13667BCD7B54}.AppStore|ARM.ActiveCfg = Release|Any CPU
		{A6FCEF44-D2BA-42C7-B3CB-13667BCD7B54}.AppStore|ARM.Build.0 = Release|Any CPU
		{A6FCEF44-D2BA-42C7-B3CB-13667BCD7B54}.AppStore|iPhone.ActiveCfg = Debug|Any CPU
		{A6FCEF44-D2BA-42C7-B3CB-13667BCD7B54}.AppStore|iPhone.Build.0 = Debug|Any CPU
		{A6FCEF44-D2BA-42C7-B3CB-13667BCD7B54}.AppStore|iPhoneSimulator.ActiveCfg = Debug|Any CPU
		{A6FCEF44-D2BA-42C7-B3CB-13667BCD7B54}.AppStore|iPhoneSimulator.Build.0 = Debug|Any CPU
		{A6FCEF44-D2BA-42C7-B3CB-13667BCD7B54}.AppStore|x64.ActiveCfg = Release|Any CPU
		{A6FCEF44-D2BA-42C7-B3CB-13667BCD7B54}.AppStore|x64.Build.0 = Release|Any CPU
		{A6FCEF44-D2BA-42C7-B3CB-13667BCD7B54}.AppStore|x86.ActiveCfg = Release|Any CPU
		{A6FCEF44-D2BA-42C7-B3CB-13667BCD7B54}.AppStore|x86.Build.0 = Release|Any CPU
		{A6FCEF44-D2BA-42C7-B3CB-13667BCD7B54}.Debug|Any CPU.ActiveCfg = Debug|Any CPU
		{A6FCEF44-D2BA-42C7-B3CB-13667BCD7B54}.Debug|Any CPU.Build.0 = Debug|Any CPU
		{A6FCEF44-D2BA-42C7-B3CB-13667BCD7B54}.Debug|ARM.ActiveCfg = Debug|Any CPU
		{A6FCEF44-D2BA-42C7-B3CB-13667BCD7B54}.Debug|ARM.Build.0 = Debug|Any CPU
		{A6FCEF44-D2BA-42C7-B3CB-13667BCD7B54}.Debug|iPhone.ActiveCfg = Debug|Any CPU
		{A6FCEF44-D2BA-42C7-B3CB-13667BCD7B54}.Debug|iPhone.Build.0 = Debug|Any CPU
		{A6FCEF44-D2BA-42C7-B3CB-13667BCD7B54}.Debug|iPhoneSimulator.ActiveCfg = Debug|Any CPU
		{A6FCEF44-D2BA-42C7-B3CB-13667BCD7B54}.Debug|iPhoneSimulator.Build.0 = Debug|Any CPU
		{A6FCEF44-D2BA-42C7-B3CB-13667BCD7B54}.Debug|x64.ActiveCfg = Debug|Any CPU
		{A6FCEF44-D2BA-42C7-B3CB-13667BCD7B54}.Debug|x64.Build.0 = Debug|Any CPU
		{A6FCEF44-D2BA-42C7-B3CB-13667BCD7B54}.Debug|x86.ActiveCfg = Debug|Any CPU
		{A6FCEF44-D2BA-42C7-B3CB-13667BCD7B54}.Debug|x86.Build.0 = Debug|Any CPU
		{A6FCEF44-D2BA-42C7-B3CB-13667BCD7B54}.Release|Any CPU.ActiveCfg = Release|Any CPU
		{A6FCEF44-D2BA-42C7-B3CB-13667BCD7B54}.Release|Any CPU.Build.0 = Release|Any CPU
		{A6FCEF44-D2BA-42C7-B3CB-13667BCD7B54}.Release|ARM.ActiveCfg = Release|Any CPU
		{A6FCEF44-D2BA-42C7-B3CB-13667BCD7B54}.Release|ARM.Build.0 = Release|Any CPU
		{A6FCEF44-D2BA-42C7-B3CB-13667BCD7B54}.Release|iPhone.ActiveCfg = Release|Any CPU
		{A6FCEF44-D2BA-42C7-B3CB-13667BCD7B54}.Release|iPhone.Build.0 = Release|Any CPU
		{A6FCEF44-D2BA-42C7-B3CB-13667BCD7B54}.Release|iPhoneSimulator.ActiveCfg = Release|Any CPU
		{A6FCEF44-D2BA-42C7-B3CB-13667BCD7B54}.Release|iPhoneSimulator.Build.0 = Release|Any CPU
		{A6FCEF44-D2BA-42C7-B3CB-13667BCD7B54}.Release|x64.ActiveCfg = Release|Any CPU
		{A6FCEF44-D2BA-42C7-B3CB-13667BCD7B54}.Release|x64.Build.0 = Release|Any CPU
		{A6FCEF44-D2BA-42C7-B3CB-13667BCD7B54}.Release|x86.ActiveCfg = Release|Any CPU
		{A6FCEF44-D2BA-42C7-B3CB-13667BCD7B54}.Release|x86.Build.0 = Release|Any CPU
		{6EDB0588-FFC5-4EF5-8A99-9E241D0F878D}.AppStore|Any CPU.ActiveCfg = Release|Any CPU
		{6EDB0588-FFC5-4EF5-8A99-9E241D0F878D}.AppStore|Any CPU.Build.0 = Release|Any CPU
		{6EDB0588-FFC5-4EF5-8A99-9E241D0F878D}.AppStore|ARM.ActiveCfg = Release|Any CPU
		{6EDB0588-FFC5-4EF5-8A99-9E241D0F878D}.AppStore|ARM.Build.0 = Release|Any CPU
		{6EDB0588-FFC5-4EF5-8A99-9E241D0F878D}.AppStore|iPhone.ActiveCfg = Debug|Any CPU
		{6EDB0588-FFC5-4EF5-8A99-9E241D0F878D}.AppStore|iPhone.Build.0 = Debug|Any CPU
		{6EDB0588-FFC5-4EF5-8A99-9E241D0F878D}.AppStore|iPhoneSimulator.ActiveCfg = Debug|Any CPU
		{6EDB0588-FFC5-4EF5-8A99-9E241D0F878D}.AppStore|iPhoneSimulator.Build.0 = Debug|Any CPU
		{6EDB0588-FFC5-4EF5-8A99-9E241D0F878D}.AppStore|x64.ActiveCfg = Release|Any CPU
		{6EDB0588-FFC5-4EF5-8A99-9E241D0F878D}.AppStore|x64.Build.0 = Release|Any CPU
		{6EDB0588-FFC5-4EF5-8A99-9E241D0F878D}.AppStore|x86.ActiveCfg = Release|Any CPU
		{6EDB0588-FFC5-4EF5-8A99-9E241D0F878D}.AppStore|x86.Build.0 = Release|Any CPU
		{6EDB0588-FFC5-4EF5-8A99-9E241D0F878D}.Debug|Any CPU.ActiveCfg = Debug|Any CPU
		{6EDB0588-FFC5-4EF5-8A99-9E241D0F878D}.Debug|Any CPU.Build.0 = Debug|Any CPU
		{6EDB0588-FFC5-4EF5-8A99-9E241D0F878D}.Debug|ARM.ActiveCfg = Debug|Any CPU
		{6EDB0588-FFC5-4EF5-8A99-9E241D0F878D}.Debug|ARM.Build.0 = Debug|Any CPU
		{6EDB0588-FFC5-4EF5-8A99-9E241D0F878D}.Debug|iPhone.ActiveCfg = Debug|Any CPU
		{6EDB0588-FFC5-4EF5-8A99-9E241D0F878D}.Debug|iPhone.Build.0 = Debug|Any CPU
		{6EDB0588-FFC5-4EF5-8A99-9E241D0F878D}.Debug|iPhoneSimulator.ActiveCfg = Debug|Any CPU
		{6EDB0588-FFC5-4EF5-8A99-9E241D0F878D}.Debug|iPhoneSimulator.Build.0 = Debug|Any CPU
		{6EDB0588-FFC5-4EF5-8A99-9E241D0F878D}.Debug|x64.ActiveCfg = Debug|Any CPU
		{6EDB0588-FFC5-4EF5-8A99-9E241D0F878D}.Debug|x64.Build.0 = Debug|Any CPU
		{6EDB0588-FFC5-4EF5-8A99-9E241D0F878D}.Debug|x86.ActiveCfg = Debug|Any CPU
		{6EDB0588-FFC5-4EF5-8A99-9E241D0F878D}.Debug|x86.Build.0 = Debug|Any CPU
		{6EDB0588-FFC5-4EF5-8A99-9E241D0F878D}.Release|Any CPU.ActiveCfg = Release|Any CPU
		{6EDB0588-FFC5-4EF5-8A99-9E241D0F878D}.Release|Any CPU.Build.0 = Release|Any CPU
		{6EDB0588-FFC5-4EF5-8A99-9E241D0F878D}.Release|ARM.ActiveCfg = Release|Any CPU
		{6EDB0588-FFC5-4EF5-8A99-9E241D0F878D}.Release|ARM.Build.0 = Release|Any CPU
		{6EDB0588-FFC5-4EF5-8A99-9E241D0F878D}.Release|iPhone.ActiveCfg = Release|Any CPU
		{6EDB0588-FFC5-4EF5-8A99-9E241D0F878D}.Release|iPhone.Build.0 = Release|Any CPU
		{6EDB0588-FFC5-4EF5-8A99-9E241D0F878D}.Release|iPhoneSimulator.ActiveCfg = Release|Any CPU
		{6EDB0588-FFC5-4EF5-8A99-9E241D0F878D}.Release|iPhoneSimulator.Build.0 = Release|Any CPU
		{6EDB0588-FFC5-4EF5-8A99-9E241D0F878D}.Release|x64.ActiveCfg = Release|Any CPU
		{6EDB0588-FFC5-4EF5-8A99-9E241D0F878D}.Release|x64.Build.0 = Release|Any CPU
		{6EDB0588-FFC5-4EF5-8A99-9E241D0F878D}.Release|x86.ActiveCfg = Release|Any CPU
		{6EDB0588-FFC5-4EF5-8A99-9E241D0F878D}.Release|x86.Build.0 = Release|Any CPU
		{2882AEEB-D4CD-4EB9-8A6C-6653B33681F0}.AppStore|Any CPU.ActiveCfg = Release|Any CPU
		{2882AEEB-D4CD-4EB9-8A6C-6653B33681F0}.AppStore|Any CPU.Build.0 = Release|Any CPU
		{2882AEEB-D4CD-4EB9-8A6C-6653B33681F0}.AppStore|ARM.ActiveCfg = Release|Any CPU
		{2882AEEB-D4CD-4EB9-8A6C-6653B33681F0}.AppStore|ARM.Build.0 = Release|Any CPU
		{2882AEEB-D4CD-4EB9-8A6C-6653B33681F0}.AppStore|iPhone.ActiveCfg = Release|Any CPU
		{2882AEEB-D4CD-4EB9-8A6C-6653B33681F0}.AppStore|iPhone.Build.0 = Release|Any CPU
		{2882AEEB-D4CD-4EB9-8A6C-6653B33681F0}.AppStore|iPhoneSimulator.ActiveCfg = Release|Any CPU
		{2882AEEB-D4CD-4EB9-8A6C-6653B33681F0}.AppStore|iPhoneSimulator.Build.0 = Release|Any CPU
		{2882AEEB-D4CD-4EB9-8A6C-6653B33681F0}.AppStore|x64.ActiveCfg = Release|Any CPU
		{2882AEEB-D4CD-4EB9-8A6C-6653B33681F0}.AppStore|x64.Build.0 = Release|Any CPU
		{2882AEEB-D4CD-4EB9-8A6C-6653B33681F0}.AppStore|x86.ActiveCfg = Release|Any CPU
		{2882AEEB-D4CD-4EB9-8A6C-6653B33681F0}.AppStore|x86.Build.0 = Release|Any CPU
		{2882AEEB-D4CD-4EB9-8A6C-6653B33681F0}.Debug|Any CPU.ActiveCfg = Debug|Any CPU
		{2882AEEB-D4CD-4EB9-8A6C-6653B33681F0}.Debug|Any CPU.Build.0 = Debug|Any CPU
		{2882AEEB-D4CD-4EB9-8A6C-6653B33681F0}.Debug|ARM.ActiveCfg = Debug|Any CPU
		{2882AEEB-D4CD-4EB9-8A6C-6653B33681F0}.Debug|ARM.Build.0 = Debug|Any CPU
		{2882AEEB-D4CD-4EB9-8A6C-6653B33681F0}.Debug|iPhone.ActiveCfg = Debug|Any CPU
		{2882AEEB-D4CD-4EB9-8A6C-6653B33681F0}.Debug|iPhone.Build.0 = Debug|Any CPU
		{2882AEEB-D4CD-4EB9-8A6C-6653B33681F0}.Debug|iPhoneSimulator.ActiveCfg = Debug|Any CPU
		{2882AEEB-D4CD-4EB9-8A6C-6653B33681F0}.Debug|iPhoneSimulator.Build.0 = Debug|Any CPU
		{2882AEEB-D4CD-4EB9-8A6C-6653B33681F0}.Debug|x64.ActiveCfg = Debug|Any CPU
		{2882AEEB-D4CD-4EB9-8A6C-6653B33681F0}.Debug|x64.Build.0 = Debug|Any CPU
		{2882AEEB-D4CD-4EB9-8A6C-6653B33681F0}.Debug|x86.ActiveCfg = Debug|Any CPU
		{2882AEEB-D4CD-4EB9-8A6C-6653B33681F0}.Debug|x86.Build.0 = Debug|Any CPU
		{2882AEEB-D4CD-4EB9-8A6C-6653B33681F0}.Release|Any CPU.ActiveCfg = Release|Any CPU
		{2882AEEB-D4CD-4EB9-8A6C-6653B33681F0}.Release|Any CPU.Build.0 = Release|Any CPU
		{2882AEEB-D4CD-4EB9-8A6C-6653B33681F0}.Release|ARM.ActiveCfg = Release|Any CPU
		{2882AEEB-D4CD-4EB9-8A6C-6653B33681F0}.Release|ARM.Build.0 = Release|Any CPU
		{2882AEEB-D4CD-4EB9-8A6C-6653B33681F0}.Release|iPhone.ActiveCfg = Release|Any CPU
		{2882AEEB-D4CD-4EB9-8A6C-6653B33681F0}.Release|iPhone.Build.0 = Release|Any CPU
		{2882AEEB-D4CD-4EB9-8A6C-6653B33681F0}.Release|iPhoneSimulator.ActiveCfg = Release|Any CPU
		{2882AEEB-D4CD-4EB9-8A6C-6653B33681F0}.Release|iPhoneSimulator.Build.0 = Release|Any CPU
		{2882AEEB-D4CD-4EB9-8A6C-6653B33681F0}.Release|x64.ActiveCfg = Release|Any CPU
		{2882AEEB-D4CD-4EB9-8A6C-6653B33681F0}.Release|x64.Build.0 = Release|Any CPU
		{2882AEEB-D4CD-4EB9-8A6C-6653B33681F0}.Release|x86.ActiveCfg = Release|Any CPU
		{2882AEEB-D4CD-4EB9-8A6C-6653B33681F0}.Release|x86.Build.0 = Release|Any CPU
		{56A56F17-7DE1-4CA1-9617-BF32E971AC84}.AppStore|Any CPU.ActiveCfg = Release|Any CPU
		{56A56F17-7DE1-4CA1-9617-BF32E971AC84}.AppStore|Any CPU.Build.0 = Release|Any CPU
		{56A56F17-7DE1-4CA1-9617-BF32E971AC84}.AppStore|ARM.ActiveCfg = Release|Any CPU
		{56A56F17-7DE1-4CA1-9617-BF32E971AC84}.AppStore|ARM.Build.0 = Release|Any CPU
		{56A56F17-7DE1-4CA1-9617-BF32E971AC84}.AppStore|iPhone.ActiveCfg = Debug|Any CPU
		{56A56F17-7DE1-4CA1-9617-BF32E971AC84}.AppStore|iPhoneSimulator.ActiveCfg = Debug|Any CPU
		{56A56F17-7DE1-4CA1-9617-BF32E971AC84}.AppStore|x64.ActiveCfg = Release|Any CPU
		{56A56F17-7DE1-4CA1-9617-BF32E971AC84}.AppStore|x64.Build.0 = Release|Any CPU
		{56A56F17-7DE1-4CA1-9617-BF32E971AC84}.AppStore|x86.ActiveCfg = Release|Any CPU
		{56A56F17-7DE1-4CA1-9617-BF32E971AC84}.AppStore|x86.Build.0 = Release|Any CPU
		{56A56F17-7DE1-4CA1-9617-BF32E971AC84}.Debug|Any CPU.ActiveCfg = Debug|Any CPU
		{56A56F17-7DE1-4CA1-9617-BF32E971AC84}.Debug|Any CPU.Build.0 = Debug|Any CPU
		{56A56F17-7DE1-4CA1-9617-BF32E971AC84}.Debug|ARM.ActiveCfg = Debug|Any CPU
		{56A56F17-7DE1-4CA1-9617-BF32E971AC84}.Debug|ARM.Build.0 = Debug|Any CPU
		{56A56F17-7DE1-4CA1-9617-BF32E971AC84}.Debug|iPhone.ActiveCfg = Debug|Any CPU
		{56A56F17-7DE1-4CA1-9617-BF32E971AC84}.Debug|iPhone.Build.0 = Debug|Any CPU
		{56A56F17-7DE1-4CA1-9617-BF32E971AC84}.Debug|iPhoneSimulator.ActiveCfg = Debug|Any CPU
		{56A56F17-7DE1-4CA1-9617-BF32E971AC84}.Debug|iPhoneSimulator.Build.0 = Debug|Any CPU
		{56A56F17-7DE1-4CA1-9617-BF32E971AC84}.Debug|x64.ActiveCfg = Debug|Any CPU
		{56A56F17-7DE1-4CA1-9617-BF32E971AC84}.Debug|x64.Build.0 = Debug|Any CPU
		{56A56F17-7DE1-4CA1-9617-BF32E971AC84}.Debug|x86.ActiveCfg = Debug|Any CPU
		{56A56F17-7DE1-4CA1-9617-BF32E971AC84}.Debug|x86.Build.0 = Debug|Any CPU
		{56A56F17-7DE1-4CA1-9617-BF32E971AC84}.Release|Any CPU.ActiveCfg = Release|Any CPU
		{56A56F17-7DE1-4CA1-9617-BF32E971AC84}.Release|Any CPU.Build.0 = Release|Any CPU
		{56A56F17-7DE1-4CA1-9617-BF32E971AC84}.Release|ARM.ActiveCfg = Release|Any CPU
		{56A56F17-7DE1-4CA1-9617-BF32E971AC84}.Release|ARM.Build.0 = Release|Any CPU
		{56A56F17-7DE1-4CA1-9617-BF32E971AC84}.Release|iPhone.ActiveCfg = Release|Any CPU
		{56A56F17-7DE1-4CA1-9617-BF32E971AC84}.Release|iPhone.Build.0 = Release|Any CPU
		{56A56F17-7DE1-4CA1-9617-BF32E971AC84}.Release|iPhoneSimulator.ActiveCfg = Release|Any CPU
		{56A56F17-7DE1-4CA1-9617-BF32E971AC84}.Release|iPhoneSimulator.Build.0 = Release|Any CPU
		{56A56F17-7DE1-4CA1-9617-BF32E971AC84}.Release|x64.ActiveCfg = Release|Any CPU
		{56A56F17-7DE1-4CA1-9617-BF32E971AC84}.Release|x64.Build.0 = Release|Any CPU
		{56A56F17-7DE1-4CA1-9617-BF32E971AC84}.Release|x86.ActiveCfg = Release|Any CPU
		{56A56F17-7DE1-4CA1-9617-BF32E971AC84}.Release|x86.Build.0 = Release|Any CPU
		{E34B516D-C0D8-450F-9DB0-BB6A5B04AEF1}.AppStore|Any CPU.ActiveCfg = Release|Any CPU
		{E34B516D-C0D8-450F-9DB0-BB6A5B04AEF1}.AppStore|Any CPU.Build.0 = Release|Any CPU
		{E34B516D-C0D8-450F-9DB0-BB6A5B04AEF1}.AppStore|ARM.ActiveCfg = Release|ARM
		{E34B516D-C0D8-450F-9DB0-BB6A5B04AEF1}.AppStore|ARM.Build.0 = Release|ARM
		{E34B516D-C0D8-450F-9DB0-BB6A5B04AEF1}.AppStore|iPhone.ActiveCfg = Debug|Any CPU
		{E34B516D-C0D8-450F-9DB0-BB6A5B04AEF1}.AppStore|iPhone.Build.0 = Debug|Any CPU
		{E34B516D-C0D8-450F-9DB0-BB6A5B04AEF1}.AppStore|iPhoneSimulator.ActiveCfg = Debug|Any CPU
		{E34B516D-C0D8-450F-9DB0-BB6A5B04AEF1}.AppStore|iPhoneSimulator.Build.0 = Debug|Any CPU
		{E34B516D-C0D8-450F-9DB0-BB6A5B04AEF1}.AppStore|x64.ActiveCfg = Release|x64
		{E34B516D-C0D8-450F-9DB0-BB6A5B04AEF1}.AppStore|x64.Build.0 = Release|x64
		{E34B516D-C0D8-450F-9DB0-BB6A5B04AEF1}.AppStore|x86.ActiveCfg = Release|x86
		{E34B516D-C0D8-450F-9DB0-BB6A5B04AEF1}.AppStore|x86.Build.0 = Release|x86
		{E34B516D-C0D8-450F-9DB0-BB6A5B04AEF1}.Debug|Any CPU.ActiveCfg = Debug|Any CPU
		{E34B516D-C0D8-450F-9DB0-BB6A5B04AEF1}.Debug|Any CPU.Build.0 = Debug|Any CPU
		{E34B516D-C0D8-450F-9DB0-BB6A5B04AEF1}.Debug|ARM.ActiveCfg = Debug|ARM
		{E34B516D-C0D8-450F-9DB0-BB6A5B04AEF1}.Debug|ARM.Build.0 = Debug|ARM
		{E34B516D-C0D8-450F-9DB0-BB6A5B04AEF1}.Debug|iPhone.ActiveCfg = Debug|Any CPU
		{E34B516D-C0D8-450F-9DB0-BB6A5B04AEF1}.Debug|iPhone.Build.0 = Debug|Any CPU
		{E34B516D-C0D8-450F-9DB0-BB6A5B04AEF1}.Debug|iPhoneSimulator.ActiveCfg = Debug|Any CPU
		{E34B516D-C0D8-450F-9DB0-BB6A5B04AEF1}.Debug|iPhoneSimulator.Build.0 = Debug|Any CPU
		{E34B516D-C0D8-450F-9DB0-BB6A5B04AEF1}.Debug|x64.ActiveCfg = Debug|x64
		{E34B516D-C0D8-450F-9DB0-BB6A5B04AEF1}.Debug|x64.Build.0 = Debug|x64
		{E34B516D-C0D8-450F-9DB0-BB6A5B04AEF1}.Debug|x86.ActiveCfg = Debug|x86
		{E34B516D-C0D8-450F-9DB0-BB6A5B04AEF1}.Debug|x86.Build.0 = Debug|x86
		{E34B516D-C0D8-450F-9DB0-BB6A5B04AEF1}.Release|Any CPU.ActiveCfg = Release|Any CPU
		{E34B516D-C0D8-450F-9DB0-BB6A5B04AEF1}.Release|Any CPU.Build.0 = Release|Any CPU
		{E34B516D-C0D8-450F-9DB0-BB6A5B04AEF1}.Release|ARM.ActiveCfg = Release|ARM
		{E34B516D-C0D8-450F-9DB0-BB6A5B04AEF1}.Release|ARM.Build.0 = Release|ARM
		{E34B516D-C0D8-450F-9DB0-BB6A5B04AEF1}.Release|iPhone.ActiveCfg = Release|Any CPU
		{E34B516D-C0D8-450F-9DB0-BB6A5B04AEF1}.Release|iPhone.Build.0 = Release|Any CPU
		{E34B516D-C0D8-450F-9DB0-BB6A5B04AEF1}.Release|iPhoneSimulator.ActiveCfg = Release|Any CPU
		{E34B516D-C0D8-450F-9DB0-BB6A5B04AEF1}.Release|iPhoneSimulator.Build.0 = Release|Any CPU
		{E34B516D-C0D8-450F-9DB0-BB6A5B04AEF1}.Release|x64.ActiveCfg = Release|x64
		{E34B516D-C0D8-450F-9DB0-BB6A5B04AEF1}.Release|x64.Build.0 = Release|x64
		{E34B516D-C0D8-450F-9DB0-BB6A5B04AEF1}.Release|x86.ActiveCfg = Release|x86
		{E34B516D-C0D8-450F-9DB0-BB6A5B04AEF1}.Release|x86.Build.0 = Release|x86
		{F84732E9-2993-4637-99E0-641D12DBCDBC}.AppStore|Any CPU.ActiveCfg = Debug|Any CPU
		{F84732E9-2993-4637-99E0-641D12DBCDBC}.AppStore|Any CPU.Build.0 = Debug|Any CPU
		{F84732E9-2993-4637-99E0-641D12DBCDBC}.AppStore|ARM.ActiveCfg = Debug|Any CPU
		{F84732E9-2993-4637-99E0-641D12DBCDBC}.AppStore|ARM.Build.0 = Debug|Any CPU
		{F84732E9-2993-4637-99E0-641D12DBCDBC}.AppStore|iPhone.ActiveCfg = Release|Any CPU
		{F84732E9-2993-4637-99E0-641D12DBCDBC}.AppStore|iPhoneSimulator.ActiveCfg = Release|Any CPU
		{F84732E9-2993-4637-99E0-641D12DBCDBC}.AppStore|x64.ActiveCfg = Debug|Any CPU
		{F84732E9-2993-4637-99E0-641D12DBCDBC}.AppStore|x64.Build.0 = Debug|Any CPU
		{F84732E9-2993-4637-99E0-641D12DBCDBC}.AppStore|x86.ActiveCfg = Debug|Any CPU
		{F84732E9-2993-4637-99E0-641D12DBCDBC}.AppStore|x86.Build.0 = Debug|Any CPU
		{F84732E9-2993-4637-99E0-641D12DBCDBC}.Debug|Any CPU.ActiveCfg = Debug|Any CPU
		{F84732E9-2993-4637-99E0-641D12DBCDBC}.Debug|Any CPU.Build.0 = Debug|Any CPU
		{F84732E9-2993-4637-99E0-641D12DBCDBC}.Debug|ARM.ActiveCfg = Debug|Any CPU
		{F84732E9-2993-4637-99E0-641D12DBCDBC}.Debug|ARM.Build.0 = Debug|Any CPU
		{F84732E9-2993-4637-99E0-641D12DBCDBC}.Debug|iPhone.ActiveCfg = Debug|Any CPU
		{F84732E9-2993-4637-99E0-641D12DBCDBC}.Debug|iPhone.Build.0 = Debug|Any CPU
		{F84732E9-2993-4637-99E0-641D12DBCDBC}.Debug|iPhoneSimulator.ActiveCfg = Debug|Any CPU
		{F84732E9-2993-4637-99E0-641D12DBCDBC}.Debug|iPhoneSimulator.Build.0 = Debug|Any CPU
		{F84732E9-2993-4637-99E0-641D12DBCDBC}.Debug|x64.ActiveCfg = Debug|Any CPU
		{F84732E9-2993-4637-99E0-641D12DBCDBC}.Debug|x64.Build.0 = Debug|Any CPU
		{F84732E9-2993-4637-99E0-641D12DBCDBC}.Debug|x86.ActiveCfg = Debug|Any CPU
		{F84732E9-2993-4637-99E0-641D12DBCDBC}.Debug|x86.Build.0 = Debug|Any CPU
		{F84732E9-2993-4637-99E0-641D12DBCDBC}.Release|Any CPU.ActiveCfg = Release|Any CPU
		{F84732E9-2993-4637-99E0-641D12DBCDBC}.Release|Any CPU.Build.0 = Release|Any CPU
		{F84732E9-2993-4637-99E0-641D12DBCDBC}.Release|ARM.ActiveCfg = Release|Any CPU
		{F84732E9-2993-4637-99E0-641D12DBCDBC}.Release|ARM.Build.0 = Release|Any CPU
		{F84732E9-2993-4637-99E0-641D12DBCDBC}.Release|iPhone.ActiveCfg = Release|Any CPU
		{F84732E9-2993-4637-99E0-641D12DBCDBC}.Release|iPhone.Build.0 = Release|Any CPU
		{F84732E9-2993-4637-99E0-641D12DBCDBC}.Release|iPhoneSimulator.ActiveCfg = Release|Any CPU
		{F84732E9-2993-4637-99E0-641D12DBCDBC}.Release|iPhoneSimulator.Build.0 = Release|Any CPU
		{F84732E9-2993-4637-99E0-641D12DBCDBC}.Release|x64.ActiveCfg = Release|Any CPU
		{F84732E9-2993-4637-99E0-641D12DBCDBC}.Release|x64.Build.0 = Release|Any CPU
		{F84732E9-2993-4637-99E0-641D12DBCDBC}.Release|x86.ActiveCfg = Release|Any CPU
		{F84732E9-2993-4637-99E0-641D12DBCDBC}.Release|x86.Build.0 = Release|Any CPU
		{7F416A1F-D4DD-436E-A903-DF2FC75E623E}.AppStore|Any CPU.ActiveCfg = Debug|Any CPU
		{7F416A1F-D4DD-436E-A903-DF2FC75E623E}.AppStore|Any CPU.Build.0 = Debug|Any CPU
		{7F416A1F-D4DD-436E-A903-DF2FC75E623E}.AppStore|ARM.ActiveCfg = Debug|Any CPU
		{7F416A1F-D4DD-436E-A903-DF2FC75E623E}.AppStore|ARM.Build.0 = Debug|Any CPU
		{7F416A1F-D4DD-436E-A903-DF2FC75E623E}.AppStore|iPhone.ActiveCfg = Release|Any CPU
		{7F416A1F-D4DD-436E-A903-DF2FC75E623E}.AppStore|iPhoneSimulator.ActiveCfg = Release|Any CPU
		{7F416A1F-D4DD-436E-A903-DF2FC75E623E}.AppStore|x64.ActiveCfg = Debug|Any CPU
		{7F416A1F-D4DD-436E-A903-DF2FC75E623E}.AppStore|x64.Build.0 = Debug|Any CPU
		{7F416A1F-D4DD-436E-A903-DF2FC75E623E}.AppStore|x86.ActiveCfg = Debug|Any CPU
		{7F416A1F-D4DD-436E-A903-DF2FC75E623E}.AppStore|x86.Build.0 = Debug|Any CPU
		{7F416A1F-D4DD-436E-A903-DF2FC75E623E}.Debug|Any CPU.ActiveCfg = Debug|Any CPU
		{7F416A1F-D4DD-436E-A903-DF2FC75E623E}.Debug|Any CPU.Build.0 = Debug|Any CPU
		{7F416A1F-D4DD-436E-A903-DF2FC75E623E}.Debug|ARM.ActiveCfg = Debug|Any CPU
		{7F416A1F-D4DD-436E-A903-DF2FC75E623E}.Debug|ARM.Build.0 = Debug|Any CPU
		{7F416A1F-D4DD-436E-A903-DF2FC75E623E}.Debug|iPhone.ActiveCfg = Debug|Any CPU
		{7F416A1F-D4DD-436E-A903-DF2FC75E623E}.Debug|iPhone.Build.0 = Debug|Any CPU
		{7F416A1F-D4DD-436E-A903-DF2FC75E623E}.Debug|iPhoneSimulator.ActiveCfg = Debug|Any CPU
		{7F416A1F-D4DD-436E-A903-DF2FC75E623E}.Debug|iPhoneSimulator.Build.0 = Debug|Any CPU
		{7F416A1F-D4DD-436E-A903-DF2FC75E623E}.Debug|x64.ActiveCfg = Debug|Any CPU
		{7F416A1F-D4DD-436E-A903-DF2FC75E623E}.Debug|x64.Build.0 = Debug|Any CPU
		{7F416A1F-D4DD-436E-A903-DF2FC75E623E}.Debug|x86.ActiveCfg = Debug|Any CPU
		{7F416A1F-D4DD-436E-A903-DF2FC75E623E}.Debug|x86.Build.0 = Debug|Any CPU
		{7F416A1F-D4DD-436E-A903-DF2FC75E623E}.Release|Any CPU.ActiveCfg = Release|Any CPU
		{7F416A1F-D4DD-436E-A903-DF2FC75E623E}.Release|ARM.ActiveCfg = Release|Any CPU
		{7F416A1F-D4DD-436E-A903-DF2FC75E623E}.Release|ARM.Build.0 = Release|Any CPU
		{7F416A1F-D4DD-436E-A903-DF2FC75E623E}.Release|iPhone.ActiveCfg = Release|Any CPU
		{7F416A1F-D4DD-436E-A903-DF2FC75E623E}.Release|iPhone.Build.0 = Release|Any CPU
		{7F416A1F-D4DD-436E-A903-DF2FC75E623E}.Release|iPhoneSimulator.ActiveCfg = Release|Any CPU
		{7F416A1F-D4DD-436E-A903-DF2FC75E623E}.Release|iPhoneSimulator.Build.0 = Release|Any CPU
		{7F416A1F-D4DD-436E-A903-DF2FC75E623E}.Release|x64.ActiveCfg = Release|Any CPU
		{7F416A1F-D4DD-436E-A903-DF2FC75E623E}.Release|x64.Build.0 = Release|Any CPU
		{7F416A1F-D4DD-436E-A903-DF2FC75E623E}.Release|x86.ActiveCfg = Release|Any CPU
		{7F416A1F-D4DD-436E-A903-DF2FC75E623E}.Release|x86.Build.0 = Release|Any CPU
		{3BFA0D23-9172-46AF-BF9A-84F1E35BB969}.AppStore|Any CPU.ActiveCfg = Debug|iPhoneSimulator
		{3BFA0D23-9172-46AF-BF9A-84F1E35BB969}.AppStore|Any CPU.Build.0 = Debug|iPhoneSimulator
		{3BFA0D23-9172-46AF-BF9A-84F1E35BB969}.AppStore|ARM.ActiveCfg = Debug|iPhoneSimulator
		{3BFA0D23-9172-46AF-BF9A-84F1E35BB969}.AppStore|ARM.Build.0 = Debug|iPhoneSimulator
		{3BFA0D23-9172-46AF-BF9A-84F1E35BB969}.AppStore|iPhone.ActiveCfg = Release|iPhone
		{3BFA0D23-9172-46AF-BF9A-84F1E35BB969}.AppStore|iPhoneSimulator.ActiveCfg = Release|iPhoneSimulator
		{3BFA0D23-9172-46AF-BF9A-84F1E35BB969}.AppStore|x64.ActiveCfg = Debug|iPhoneSimulator
		{3BFA0D23-9172-46AF-BF9A-84F1E35BB969}.AppStore|x64.Build.0 = Debug|iPhoneSimulator
		{3BFA0D23-9172-46AF-BF9A-84F1E35BB969}.AppStore|x86.ActiveCfg = Debug|iPhoneSimulator
		{3BFA0D23-9172-46AF-BF9A-84F1E35BB969}.AppStore|x86.Build.0 = Debug|iPhoneSimulator
		{3BFA0D23-9172-46AF-BF9A-84F1E35BB969}.Debug|Any CPU.ActiveCfg = Debug|iPhoneSimulator
		{3BFA0D23-9172-46AF-BF9A-84F1E35BB969}.Debug|Any CPU.Build.0 = Debug|iPhoneSimulator
		{3BFA0D23-9172-46AF-BF9A-84F1E35BB969}.Debug|ARM.ActiveCfg = Debug|iPhoneSimulator
		{3BFA0D23-9172-46AF-BF9A-84F1E35BB969}.Debug|ARM.Build.0 = Debug|iPhoneSimulator
		{3BFA0D23-9172-46AF-BF9A-84F1E35BB969}.Debug|iPhone.ActiveCfg = Debug|iPhone
		{3BFA0D23-9172-46AF-BF9A-84F1E35BB969}.Debug|iPhone.Build.0 = Debug|iPhone
		{3BFA0D23-9172-46AF-BF9A-84F1E35BB969}.Debug|iPhoneSimulator.ActiveCfg = Debug|iPhoneSimulator
		{3BFA0D23-9172-46AF-BF9A-84F1E35BB969}.Debug|iPhoneSimulator.Build.0 = Debug|iPhoneSimulator
		{3BFA0D23-9172-46AF-BF9A-84F1E35BB969}.Debug|x64.ActiveCfg = Debug|iPhoneSimulator
		{3BFA0D23-9172-46AF-BF9A-84F1E35BB969}.Debug|x64.Build.0 = Debug|iPhoneSimulator
		{3BFA0D23-9172-46AF-BF9A-84F1E35BB969}.Debug|x86.ActiveCfg = Debug|iPhoneSimulator
		{3BFA0D23-9172-46AF-BF9A-84F1E35BB969}.Debug|x86.Build.0 = Debug|iPhoneSimulator
		{3BFA0D23-9172-46AF-BF9A-84F1E35BB969}.Release|Any CPU.ActiveCfg = Release|iPhone
		{3BFA0D23-9172-46AF-BF9A-84F1E35BB969}.Release|ARM.ActiveCfg = Release|iPhone
		{3BFA0D23-9172-46AF-BF9A-84F1E35BB969}.Release|ARM.Build.0 = Release|iPhone
		{3BFA0D23-9172-46AF-BF9A-84F1E35BB969}.Release|iPhone.ActiveCfg = Release|iPhone
		{3BFA0D23-9172-46AF-BF9A-84F1E35BB969}.Release|iPhone.Build.0 = Release|iPhone
		{3BFA0D23-9172-46AF-BF9A-84F1E35BB969}.Release|iPhoneSimulator.ActiveCfg = Release|iPhoneSimulator
		{3BFA0D23-9172-46AF-BF9A-84F1E35BB969}.Release|iPhoneSimulator.Build.0 = Release|iPhoneSimulator
		{3BFA0D23-9172-46AF-BF9A-84F1E35BB969}.Release|x64.ActiveCfg = Release|iPhone
		{3BFA0D23-9172-46AF-BF9A-84F1E35BB969}.Release|x64.Build.0 = Release|iPhone
		{3BFA0D23-9172-46AF-BF9A-84F1E35BB969}.Release|x86.ActiveCfg = Release|iPhone
		{3BFA0D23-9172-46AF-BF9A-84F1E35BB969}.Release|x86.Build.0 = Release|iPhone
		{D32EDF26-94F4-4F80-B26C-CA250A3F6D7D}.AppStore|Any CPU.ActiveCfg = Release|x64
		{D32EDF26-94F4-4F80-B26C-CA250A3F6D7D}.AppStore|Any CPU.Build.0 = Release|x64
		{D32EDF26-94F4-4F80-B26C-CA250A3F6D7D}.AppStore|Any CPU.Deploy.0 = Release|x64
		{D32EDF26-94F4-4F80-B26C-CA250A3F6D7D}.AppStore|ARM.ActiveCfg = Release|ARM
		{D32EDF26-94F4-4F80-B26C-CA250A3F6D7D}.AppStore|ARM.Build.0 = Release|ARM
		{D32EDF26-94F4-4F80-B26C-CA250A3F6D7D}.AppStore|ARM.Deploy.0 = Release|ARM
		{D32EDF26-94F4-4F80-B26C-CA250A3F6D7D}.AppStore|iPhone.ActiveCfg = Release|x64
		{D32EDF26-94F4-4F80-B26C-CA250A3F6D7D}.AppStore|iPhone.Build.0 = Release|x64
		{D32EDF26-94F4-4F80-B26C-CA250A3F6D7D}.AppStore|iPhone.Deploy.0 = Release|x64
		{D32EDF26-94F4-4F80-B26C-CA250A3F6D7D}.AppStore|iPhoneSimulator.ActiveCfg = Release|x64
		{D32EDF26-94F4-4F80-B26C-CA250A3F6D7D}.AppStore|iPhoneSimulator.Build.0 = Release|x64
		{D32EDF26-94F4-4F80-B26C-CA250A3F6D7D}.AppStore|iPhoneSimulator.Deploy.0 = Release|x64
		{D32EDF26-94F4-4F80-B26C-CA250A3F6D7D}.AppStore|x64.ActiveCfg = Release|x64
		{D32EDF26-94F4-4F80-B26C-CA250A3F6D7D}.AppStore|x64.Build.0 = Release|x64
		{D32EDF26-94F4-4F80-B26C-CA250A3F6D7D}.AppStore|x64.Deploy.0 = Release|x64
		{D32EDF26-94F4-4F80-B26C-CA250A3F6D7D}.AppStore|x86.ActiveCfg = Release|x86
		{D32EDF26-94F4-4F80-B26C-CA250A3F6D7D}.AppStore|x86.Build.0 = Release|x86
		{D32EDF26-94F4-4F80-B26C-CA250A3F6D7D}.AppStore|x86.Deploy.0 = Release|x86
		{D32EDF26-94F4-4F80-B26C-CA250A3F6D7D}.Debug|Any CPU.ActiveCfg = Debug|x86
		{D32EDF26-94F4-4F80-B26C-CA250A3F6D7D}.Debug|Any CPU.Build.0 = Debug|x86
		{D32EDF26-94F4-4F80-B26C-CA250A3F6D7D}.Debug|Any CPU.Deploy.0 = Debug|x86
		{D32EDF26-94F4-4F80-B26C-CA250A3F6D7D}.Debug|ARM.ActiveCfg = Debug|ARM
		{D32EDF26-94F4-4F80-B26C-CA250A3F6D7D}.Debug|ARM.Build.0 = Debug|ARM
		{D32EDF26-94F4-4F80-B26C-CA250A3F6D7D}.Debug|ARM.Deploy.0 = Debug|ARM
		{D32EDF26-94F4-4F80-B26C-CA250A3F6D7D}.Debug|iPhone.ActiveCfg = Debug|x86
		{D32EDF26-94F4-4F80-B26C-CA250A3F6D7D}.Debug|iPhoneSimulator.ActiveCfg = Debug|x86
		{D32EDF26-94F4-4F80-B26C-CA250A3F6D7D}.Debug|x64.ActiveCfg = Debug|x64
		{D32EDF26-94F4-4F80-B26C-CA250A3F6D7D}.Debug|x64.Build.0 = Debug|x64
		{D32EDF26-94F4-4F80-B26C-CA250A3F6D7D}.Debug|x64.Deploy.0 = Debug|x64
		{D32EDF26-94F4-4F80-B26C-CA250A3F6D7D}.Debug|x86.ActiveCfg = Debug|x86
		{D32EDF26-94F4-4F80-B26C-CA250A3F6D7D}.Debug|x86.Build.0 = Debug|x86
		{D32EDF26-94F4-4F80-B26C-CA250A3F6D7D}.Debug|x86.Deploy.0 = Debug|x86
		{D32EDF26-94F4-4F80-B26C-CA250A3F6D7D}.Release|Any CPU.ActiveCfg = Release|x86
		{D32EDF26-94F4-4F80-B26C-CA250A3F6D7D}.Release|ARM.ActiveCfg = Release|ARM
		{D32EDF26-94F4-4F80-B26C-CA250A3F6D7D}.Release|ARM.Build.0 = Release|ARM
		{D32EDF26-94F4-4F80-B26C-CA250A3F6D7D}.Release|ARM.Deploy.0 = Release|ARM
		{D32EDF26-94F4-4F80-B26C-CA250A3F6D7D}.Release|iPhone.ActiveCfg = Release|x86
		{D32EDF26-94F4-4F80-B26C-CA250A3F6D7D}.Release|iPhoneSimulator.ActiveCfg = Release|x86
		{D32EDF26-94F4-4F80-B26C-CA250A3F6D7D}.Release|x64.ActiveCfg = Release|x64
		{D32EDF26-94F4-4F80-B26C-CA250A3F6D7D}.Release|x64.Build.0 = Release|x64
		{D32EDF26-94F4-4F80-B26C-CA250A3F6D7D}.Release|x64.Deploy.0 = Release|x64
		{D32EDF26-94F4-4F80-B26C-CA250A3F6D7D}.Release|x86.ActiveCfg = Release|x86
		{D32EDF26-94F4-4F80-B26C-CA250A3F6D7D}.Release|x86.Build.0 = Release|x86
		{D32EDF26-94F4-4F80-B26C-CA250A3F6D7D}.Release|x86.Deploy.0 = Release|x86
		{FEE6A3A2-9CDD-473C-8587-6C13241BD03A}.AppStore|Any CPU.ActiveCfg = Debug|Any CPU
		{FEE6A3A2-9CDD-473C-8587-6C13241BD03A}.AppStore|Any CPU.Build.0 = Debug|Any CPU
		{FEE6A3A2-9CDD-473C-8587-6C13241BD03A}.AppStore|ARM.ActiveCfg = Debug|Any CPU
		{FEE6A3A2-9CDD-473C-8587-6C13241BD03A}.AppStore|ARM.Build.0 = Debug|Any CPU
		{FEE6A3A2-9CDD-473C-8587-6C13241BD03A}.AppStore|iPhone.ActiveCfg = Release|Any CPU
		{FEE6A3A2-9CDD-473C-8587-6C13241BD03A}.AppStore|iPhone.Build.0 = Release|Any CPU
		{FEE6A3A2-9CDD-473C-8587-6C13241BD03A}.AppStore|iPhoneSimulator.ActiveCfg = Release|Any CPU
		{FEE6A3A2-9CDD-473C-8587-6C13241BD03A}.AppStore|iPhoneSimulator.Build.0 = Release|Any CPU
		{FEE6A3A2-9CDD-473C-8587-6C13241BD03A}.AppStore|x64.ActiveCfg = Debug|Any CPU
		{FEE6A3A2-9CDD-473C-8587-6C13241BD03A}.AppStore|x64.Build.0 = Debug|Any CPU
		{FEE6A3A2-9CDD-473C-8587-6C13241BD03A}.AppStore|x86.ActiveCfg = Debug|Any CPU
		{FEE6A3A2-9CDD-473C-8587-6C13241BD03A}.AppStore|x86.Build.0 = Debug|Any CPU
		{FEE6A3A2-9CDD-473C-8587-6C13241BD03A}.Debug|Any CPU.ActiveCfg = Debug|Any CPU
		{FEE6A3A2-9CDD-473C-8587-6C13241BD03A}.Debug|Any CPU.Build.0 = Debug|Any CPU
		{FEE6A3A2-9CDD-473C-8587-6C13241BD03A}.Debug|ARM.ActiveCfg = Debug|Any CPU
		{FEE6A3A2-9CDD-473C-8587-6C13241BD03A}.Debug|ARM.Build.0 = Debug|Any CPU
		{FEE6A3A2-9CDD-473C-8587-6C13241BD03A}.Debug|iPhone.ActiveCfg = Debug|Any CPU
		{FEE6A3A2-9CDD-473C-8587-6C13241BD03A}.Debug|iPhone.Build.0 = Debug|Any CPU
		{FEE6A3A2-9CDD-473C-8587-6C13241BD03A}.Debug|iPhoneSimulator.ActiveCfg = Debug|Any CPU
		{FEE6A3A2-9CDD-473C-8587-6C13241BD03A}.Debug|iPhoneSimulator.Build.0 = Debug|Any CPU
		{FEE6A3A2-9CDD-473C-8587-6C13241BD03A}.Debug|x64.ActiveCfg = Debug|Any CPU
		{FEE6A3A2-9CDD-473C-8587-6C13241BD03A}.Debug|x64.Build.0 = Debug|Any CPU
		{FEE6A3A2-9CDD-473C-8587-6C13241BD03A}.Debug|x86.ActiveCfg = Debug|Any CPU
		{FEE6A3A2-9CDD-473C-8587-6C13241BD03A}.Debug|x86.Build.0 = Debug|Any CPU
		{FEE6A3A2-9CDD-473C-8587-6C13241BD03A}.Release|Any CPU.ActiveCfg = Release|Any CPU
		{FEE6A3A2-9CDD-473C-8587-6C13241BD03A}.Release|ARM.ActiveCfg = Release|Any CPU
		{FEE6A3A2-9CDD-473C-8587-6C13241BD03A}.Release|ARM.Build.0 = Release|Any CPU
		{FEE6A3A2-9CDD-473C-8587-6C13241BD03A}.Release|iPhone.ActiveCfg = Release|Any CPU
		{FEE6A3A2-9CDD-473C-8587-6C13241BD03A}.Release|iPhone.Build.0 = Release|Any CPU
		{FEE6A3A2-9CDD-473C-8587-6C13241BD03A}.Release|iPhoneSimulator.ActiveCfg = Release|Any CPU
		{FEE6A3A2-9CDD-473C-8587-6C13241BD03A}.Release|iPhoneSimulator.Build.0 = Release|Any CPU
		{FEE6A3A2-9CDD-473C-8587-6C13241BD03A}.Release|x64.ActiveCfg = Release|Any CPU
		{FEE6A3A2-9CDD-473C-8587-6C13241BD03A}.Release|x64.Build.0 = Release|Any CPU
		{FEE6A3A2-9CDD-473C-8587-6C13241BD03A}.Release|x86.ActiveCfg = Release|Any CPU
		{FEE6A3A2-9CDD-473C-8587-6C13241BD03A}.Release|x86.Build.0 = Release|Any CPU
	EndGlobalSection
	GlobalSection(SolutionProperties) = preSolution
		HideSolutionNode = FALSE
	EndGlobalSection
	GlobalSection(NestedProjects) = preSolution
		{7F416A1F-D4DD-436E-A903-DF2FC75E623E} = {11FE7FBB-8560-4D89-90F5-F218CF18A879}
		{3BFA0D23-9172-46AF-BF9A-84F1E35BB969} = {11FE7FBB-8560-4D89-90F5-F218CF18A879}
		{D32EDF26-94F4-4F80-B26C-CA250A3F6D7D} = {11FE7FBB-8560-4D89-90F5-F218CF18A879}
		{FEE6A3A2-9CDD-473C-8587-6C13241BD03A} = {11FE7FBB-8560-4D89-90F5-F218CF18A879}
	EndGlobalSection
	GlobalSection(MonoDevelopProperties) = preSolution
		Policies = $0
		$0.TextStylePolicy = $1
		$1.FileWidth = 120
		$1.EolMarker = Unix
		$1.inheritsSet = VisualStudio
		$1.inheritsScope = text/plain
		$1.scope = text/x-csharp
		$0.CSharpFormattingPolicy = $2
		$2.IndentSwitchSection = True
		$2.SpacingAfterMethodDeclarationName = False
		$2.SpaceAfterMethodCallName = False
		$2.SpaceBeforeOpenSquareBracket = False
		$2.inheritsSet = Mono
		$2.inheritsScope = text/x-csharp
		$2.scope = text/x-csharp
		$0.StandardHeader = $3
		$3.Text = 
		$3.IncludeInNewFiles = True
		$0.NameConventionPolicy = $4
		$4.Rules = $5
		$5.NamingRule = $6
		$6.Name = Type Parameters
		$6.AffectedEntity = TypeParameter
		$6.VisibilityMask = VisibilityMask
		$6.NamingStyle = PascalCase
		$6.IncludeInstanceMembers = True
		$6.IncludeStaticEntities = True
		$6.RequiredPrefixes = $7
		$7.String = T
		$6.RequiredSuffixes = $8
		$8.String = Exception
	EndGlobalSection
EndGlobal
